
Microsoft Visual Studio Solution File, Format Version 12.00
# Visual Studio Version 17
VisualStudioVersion = 17.9.34310.174
MinimumVisualStudioVersion = 10.0.40219.1
Project("{9A19103F-16F7-4668-BE54-9A1E7A4F7556}") = "NavigationApp", "NavigationApp\NavigationApp.csproj", "{C013BDCB-C2BD-419F-92C2-A1145CFB3ACB}"
EndProject
Project("{9A19103F-16F7-4668-BE54-9A1E7A4F7556}") = "NavigationApp.Desktop", "NavigationApp.Desktop\NavigationApp.Desktop.csproj", "{E6EFE7C9-9B87-43C2-BD9B-8C88992028FC}"
EndProject
Global
	GlobalSection(SolutionConfigurationPlatforms) = preSolution
		Debug|Any CPU = Debug|Any CPU
		Release|Any CPU = Release|Any CPU
	EndGlobalSection
	GlobalSection(ProjectConfigurationPlatforms) = postSolution
		{C013BDCB-C2BD-419F-92C2-A1145CFB3ACB}.Debug|Any CPU.ActiveCfg = Debug|Any CPU
		{C013BDCB-C2BD-419F-92C2-A1145CFB3ACB}.Debug|Any CPU.Build.0 = Debug|Any CPU
		{C013BDCB-C2BD-419F-92C2-A1145CFB3ACB}.Release|Any CPU.ActiveCfg = Release|Any CPU
		{C013BDCB-C2BD-419F-92C2-A1145CFB3ACB}.Release|Any CPU.Build.0 = Release|Any CPU
		{E6EFE7C9-9B87-43C2-BD9B-8C88992028FC}.Debug|Any CPU.ActiveCfg = Debug|Any CPU
		{E6EFE7C9-9B87-43C2-BD9B-8C88992028FC}.Debug|Any CPU.Build.0 = Debug|Any CPU
		{E6EFE7C9-9B87-43C2-BD9B-8C88992028FC}.Release|Any CPU.ActiveCfg = Release|Any CPU
		{E6EFE7C9-9B87-43C2-BD9B-8C88992028FC}.Release|Any CPU.Build.0 = Release|Any CPU
	EndGlobalSection
	GlobalSection(SolutionProperties) = preSolution
		HideSolutionNode = FALSE
	EndGlobalSection
	GlobalSection(ExtensibilityGlobals) = postSolution
		SolutionGuid = {7375073B-79E7-4CE3-8FA9-8D1C23E00ACC}
	EndGlobalSection
EndGlobal
